
Microsoft Visual Studio Solution File, Format Version 12.00
# Visual Studio Version 17
VisualStudioVersion = 17.3.32819.101
MinimumVisualStudioVersion = 10.0.40219.1
Project("{FAE04EC0-301F-11D3-BF4B-00C04F79EFBC}") = "Practice_3", "Practice_3\Practice_3.csproj", "{75F97778-928D-41BB-B659-304113B44587}"
EndProject
Project("{FAE04EC0-301F-11D3-BF4B-00C04F79EFBC}") = "LibMatrix", "LibMatrix\LibMatrix.csproj", "{63DA9F86-7FDB-43CB-BD0A-26C681DF10D2}"
EndProject
Project("{FAE04EC0-301F-11D3-BF4B-00C04F79EFBC}") = "Lib_4", "Lib_4\Lib_4.csproj", "{F46BF45A-1BA4-4EAB-90A8-FB6D994951B1}"
EndProject
Global
	GlobalSection(SolutionConfigurationPlatforms) = preSolution
		Debug|Any CPU = Debug|Any CPU
		Release|Any CPU = Release|Any CPU
	EndGlobalSection
	GlobalSection(ProjectConfigurationPlatforms) = postSolution
		{75F97778-928D-41BB-B659-304113B44587}.Debug|Any CPU.ActiveCfg = Debug|Any CPU
		{75F97778-928D-41BB-B659-304113B44587}.Debug|Any CPU.Build.0 = Debug|Any CPU
		{75F97778-928D-41BB-B659-304113B44587}.Release|Any CPU.ActiveCfg = Release|Any CPU
		{75F97778-928D-41BB-B659-304113B44587}.Release|Any CPU.Build.0 = Release|Any CPU
		{63DA9F86-7FDB-43CB-BD0A-26C681DF10D2}.Debug|Any CPU.ActiveCfg = Debug|Any CPU
		{63DA9F86-7FDB-43CB-BD0A-26C681DF10D2}.Debug|Any CPU.Build.0 = Debug|Any CPU
		{63DA9F86-7FDB-43CB-BD0A-26C681DF10D2}.Release|Any CPU.ActiveCfg = Release|Any CPU
		{63DA9F86-7FDB-43CB-BD0A-26C681DF10D2}.Release|Any CPU.Build.0 = Release|Any CPU
		{F46BF45A-1BA4-4EAB-90A8-FB6D994951B1}.Debug|Any CPU.ActiveCfg = Debug|Any CPU
		{F46BF45A-1BA4-4EAB-90A8-FB6D994951B1}.Debug|Any CPU.Build.0 = Debug|Any CPU
		{F46BF45A-1BA4-4EAB-90A8-FB6D994951B1}.Release|Any CPU.ActiveCfg = Release|Any CPU
		{F46BF45A-1BA4-4EAB-90A8-FB6D994951B1}.Release|Any CPU.Build.0 = Release|Any CPU
	EndGlobalSection
	GlobalSection(SolutionProperties) = preSolution
		HideSolutionNode = FALSE
	EndGlobalSection
	GlobalSection(ExtensibilityGlobals) = postSolution
		SolutionGuid = {2AAD302E-B9FD-4517-A60E-996C50895068}
	EndGlobalSection
EndGlobal
